{
  "name": "prospect",
  "requires": true,
  "lockfileVersion": 1,
  "dependencies": {
    "lodash.throttle": {
      "version": "4.1.1",
      "resolved": "https://registry.npmjs.org/lodash.throttle/-/lodash.throttle-4.1.1.tgz",
      "integrity": "sha1-wj6RtxAkKscMN/HhzaknTMOb8vQ="
    },
    "material-colors": {
      "version": "1.2.5",
      "resolved": "https://registry.npmjs.org/material-colors/-/material-colors-1.2.5.tgz",
      "integrity": "sha1-UpJZPmdUyxvMK5gDDk4Najr8nqE="
    },
    "tinycolor2": {
      "version": "1.4.1",
      "resolved": "https://registry.npmjs.org/tinycolor2/-/tinycolor2-1.4.1.tgz",
      "integrity": "sha1-9PrTM0R7wLB9TcjpIJ2POaisd+g="
    },
    "vue-color": {
      "version": "2.4.4",
      "resolved": "https://registry.npmjs.org/vue-color/-/vue-color-2.4.4.tgz",
      "integrity": "sha512-IUEC8zW3S5NAGweopo9IgKSwdOKqz4rULI2oABSUhMe04zN9lYGQmfHv24OM0JM3ZnEEtZLi60QkyRQ0w+tmdQ==",
      "requires": {
        "lodash.throttle": "4.1.1",
        "material-colors": "1.2.5",
        "tinycolor2": "1.4.1"
      }
    }
  }
}
